
Microsoft Visual Studio Solution File, Format Version 12.00
# Visual Studio 15
VisualStudioVersion = 15.0.27130.2010
MinimumVisualStudioVersion = 10.0.40219.1
Project("{FAE04EC0-301F-11D3-BF4B-00C04F79EFBC}") = "PicoBrewPoc", "PicoBrewPoc\PicoBrewPoc.csproj", "{26AEBB0B-873C-4B21-8094-864428ADF2A2}"
EndProject
Global
	GlobalSection(SolutionConfigurationPlatforms) = preSolution
		Debug|Any CPU = Debug|Any CPU
		Release|Any CPU = Release|Any CPU
	EndGlobalSection
	GlobalSection(ProjectConfigurationPlatforms) = postSolution
		{26AEBB0B-873C-4B21-8094-864428ADF2A2}.Debug|Any CPU.ActiveCfg = Debug|Any CPU
		{26AEBB0B-873C-4B21-8094-864428ADF2A2}.Debug|Any CPU.Build.0 = Debug|Any CPU
		{26AEBB0B-873C-4B21-8094-864428ADF2A2}.Release|Any CPU.ActiveCfg = Release|Any CPU
		{26AEBB0B-873C-4B21-8094-864428ADF2A2}.Release|Any CPU.Build.0 = Release|Any CPU
	EndGlobalSection
	GlobalSection(SolutionProperties) = preSolution
		HideSolutionNode = FALSE
	EndGlobalSection
	GlobalSection(ExtensibilityGlobals) = postSolution
		SolutionGuid = {06666E83-6990-4D2F-B974-2DCA3348A917}
	EndGlobalSection
EndGlobal
